// !$*UTF8*$!
{
	archiveVersion = 1;
	classes = {
	};
	objectVersion = 46;
	objects = {

/* Begin PBXBuildFile section */
		0EE8DBB3CDB42EF0AF6E4B47 /* Pods_Realtime_Tests.framework in Frameworks */ = {isa = PBXBuildFile; fileRef = CD7BE76ED0F5EF1D20C10A7B /* Pods_Realtime_Tests.framework */; };
		2A0FF41A0105BC7511B70B42 /* Pods_Realtime_FDB.framework in Frameworks */ = {isa = PBXBuildFile; fileRef = 41668EF7B25F25E5665918C5 /* Pods_Realtime_FDB.framework */; };
		49379DFF9D5456ACFFA09DD9 /* Pods_Realtime_Example.framework in Frameworks */ = {isa = PBXBuildFile; fileRef = 90151FA9D60EAEB782E36936 /* Pods_Realtime_Example.framework */; };
		607FACD61AFB9204008FA782 /* AppDelegate.swift in Sources */ = {isa = PBXBuildFile; fileRef = 607FACD51AFB9204008FA782 /* AppDelegate.swift */; };
		607FACD81AFB9204008FA782 /* ViewController.swift in Sources */ = {isa = PBXBuildFile; fileRef = 607FACD71AFB9204008FA782 /* ViewController.swift */; };
		607FACDB1AFB9204008FA782 /* Main.storyboard in Resources */ = {isa = PBXBuildFile; fileRef = 607FACD91AFB9204008FA782 /* Main.storyboard */; };
		607FACDD1AFB9204008FA782 /* Images.xcassets in Resources */ = {isa = PBXBuildFile; fileRef = 607FACDC1AFB9204008FA782 /* Images.xcassets */; };
		607FACE01AFB9204008FA782 /* LaunchScreen.xib in Resources */ = {isa = PBXBuildFile; fileRef = 607FACDE1AFB9204008FA782 /* LaunchScreen.xib */; };
		A41BC0132040098800D1A9E8 /* RealtimeViewController.swift in Sources */ = {isa = PBXBuildFile; fileRef = A41BC0122040098800D1A9E8 /* RealtimeViewController.swift */; };
		A41FD589211EF890006DC3F7 /* other.swift in Sources */ = {isa = PBXBuildFile; fileRef = A41FD588211EF890006DC3F7 /* other.swift */; };
		A432591623740FB30011B0B6 /* SwiftUIView.swift in Sources */ = {isa = PBXBuildFile; fileRef = A432591523740FB30011B0B6 /* SwiftUIView.swift */; };
		A44331B62020E9E900BA2FDE /* Auth.swift in Sources */ = {isa = PBXBuildFile; fileRef = A44331B52020E9E900BA2FDE /* Auth.swift */; };
		A4773C3120DFEAB2002D182A /* RealtimeTableController.swift in Sources */ = {isa = PBXBuildFile; fileRef = A4773C3020DFEAB2002D182A /* RealtimeTableController.swift */; };
		A491423F21D0F535006F6858 /* Entities.swift in Sources */ = {isa = PBXBuildFile; fileRef = A491423E21D0F535006F6858 /* Entities.swift */; };
		A491424021D0F535006F6858 /* Entities.swift in Sources */ = {isa = PBXBuildFile; fileRef = A491423E21D0F535006F6858 /* Entities.swift */; };
		A4AAA56F21A1F1300085C3BA /* _concepts_.swift in Sources */ = {isa = PBXBuildFile; fileRef = A4AAA56E21A1F1300085C3BA /* _concepts_.swift */; };
		A4AAA57321A1F36C0085C3BA /* DispatchBenchmark.m in Sources */ = {isa = PBXBuildFile; fileRef = A4AAA57221A1F36C0085C3BA /* DispatchBenchmark.m */; };
		A4D56D1D2143FD8200641DF3 /* FormViewController.swift in Sources */ = {isa = PBXBuildFile; fileRef = A4D56D1C2143FD8200641DF3 /* FormViewController.swift */; };
		A4E054522008D3B100E95A49 /* GoogleService-Info.plist in Resources */ = {isa = PBXBuildFile; fileRef = A4E054512008D3B100E95A49 /* GoogleService-Info.plist */; };
		A4F0FF782144901800395579 /* TableViewController.swift in Sources */ = {isa = PBXBuildFile; fileRef = A4F0FF772144901800395579 /* TableViewController.swift */; };
		A4FF24512347C4CA0093C109 /* Assets.xcassets in Resources */ = {isa = PBXBuildFile; fileRef = A4FF24502347C4CA0093C109 /* Assets.xcassets */; };
		A4FF245D2347C5AB0093C109 /* RealtimeViewController.swift in Sources */ = {isa = PBXBuildFile; fileRef = A41BC0122040098800D1A9E8 /* RealtimeViewController.swift */; };
		A4FF245E2347C5AB0093C109 /* RealtimeTableController.swift in Sources */ = {isa = PBXBuildFile; fileRef = A4773C3020DFEAB2002D182A /* RealtimeTableController.swift */; };
		A4FF24602347C5BD0093C109 /* LaunchScreen.xib in Resources */ = {isa = PBXBuildFile; fileRef = 607FACDE1AFB9204008FA782 /* LaunchScreen.xib */; };
		A4FF24612347C5D30093C109 /* FormViewController.swift in Sources */ = {isa = PBXBuildFile; fileRef = A4D56D1C2143FD8200641DF3 /* FormViewController.swift */; };
		A4FF24622347C5D80093C109 /* TableViewController.swift in Sources */ = {isa = PBXBuildFile; fileRef = A4F0FF772144901800395579 /* TableViewController.swift */; };
		A4FF24632347C5DC0093C109 /* Entities.swift in Sources */ = {isa = PBXBuildFile; fileRef = A491423E21D0F535006F6858 /* Entities.swift */; };
		A4FF24662347C8300093C109 /* ViewController.swift in Sources */ = {isa = PBXBuildFile; fileRef = 607FACD71AFB9204008FA782 /* ViewController.swift */; };
		A4FF24672347C8350093C109 /* Main.storyboard in Resources */ = {isa = PBXBuildFile; fileRef = 607FACD91AFB9204008FA782 /* Main.storyboard */; };
		A4FF24682347C8810093C109 /* AppDelegate.swift in Sources */ = {isa = PBXBuildFile; fileRef = A4FF24492347C4C70093C109 /* AppDelegate.swift */; };
/* End PBXBuildFile section */

/* Begin PBXContainerItemProxy section */
		A495BA5D237588FD00314A9B /* PBXContainerItemProxy */ = {
			isa = PBXContainerItemProxy;
			containerPortal = 607FACC81AFB9204008FA782 /* Project object */;
			proxyType = 1;
			remoteGlobalIDString = 607FACCF1AFB9204008FA782;
			remoteInfo = Realtime_Example;
		};
/* End PBXContainerItemProxy section */

/* Begin PBXFileReference section */
		2FCB86EBEDAC41DF105CA6DC /* LICENSE */ = {isa = PBXFileReference; includeInIndex = 1; lastKnownFileType = text; name = LICENSE; path = ../LICENSE; sourceTree = "<group>"; };
		41668EF7B25F25E5665918C5 /* Pods_Realtime_FDB.framework */ = {isa = PBXFileReference; explicitFileType = wrapper.framework; includeInIndex = 0; path = Pods_Realtime_FDB.framework; sourceTree = BUILT_PRODUCTS_DIR; };
		607FACD01AFB9204008FA782 /* Realtime_Example.app */ = {isa = PBXFileReference; explicitFileType = wrapper.application; includeInIndex = 0; path = Realtime_Example.app; sourceTree = BUILT_PRODUCTS_DIR; };
		607FACD41AFB9204008FA782 /* Info.plist */ = {isa = PBXFileReference; lastKnownFileType = text.plist.xml; path = Info.plist; sourceTree = "<group>"; };
		607FACD51AFB9204008FA782 /* AppDelegate.swift */ = {isa = PBXFileReference; lastKnownFileType = sourcecode.swift; path = AppDelegate.swift; sourceTree = "<group>"; };
		607FACD71AFB9204008FA782 /* ViewController.swift */ = {isa = PBXFileReference; lastKnownFileType = sourcecode.swift; path = ViewController.swift; sourceTree = "<group>"; };
		607FACDA1AFB9204008FA782 /* Base */ = {isa = PBXFileReference; lastKnownFileType = file.storyboard; name = Base; path = Base.lproj/Main.storyboard; sourceTree = "<group>"; };
		607FACDC1AFB9204008FA782 /* Images.xcassets */ = {isa = PBXFileReference; lastKnownFileType = folder.assetcatalog; path = Images.xcassets; sourceTree = "<group>"; };
		607FACDF1AFB9204008FA782 /* Base */ = {isa = PBXFileReference; lastKnownFileType = file.xib; name = Base; path = Base.lproj/LaunchScreen.xib; sourceTree = "<group>"; };
		607FACE51AFB9204008FA782 /* Realtime_Tests.xctest */ = {isa = PBXFileReference; explicitFileType = wrapper.cfbundle; includeInIndex = 0; path = Realtime_Tests.xctest; sourceTree = BUILT_PRODUCTS_DIR; };
		607FACEA1AFB9204008FA782 /* Info.plist */ = {isa = PBXFileReference; lastKnownFileType = text.plist.xml; path = Info.plist; sourceTree = "<group>"; };
		8A474C7C8BB554CF7B85579A /* Pods-Realtime_Tests.release.xcconfig */ = {isa = PBXFileReference; includeInIndex = 1; lastKnownFileType = text.xcconfig; name = "Pods-Realtime_Tests.release.xcconfig"; path = "Target Support Files/Pods-Realtime_Tests/Pods-Realtime_Tests.release.xcconfig"; sourceTree = "<group>"; };
		8F1BEBC86F0E3099E2738A55 /* Pods-Realtime_Tests.debug.xcconfig */ = {isa = PBXFileReference; includeInIndex = 1; lastKnownFileType = text.xcconfig; name = "Pods-Realtime_Tests.debug.xcconfig"; path = "Target Support Files/Pods-Realtime_Tests/Pods-Realtime_Tests.debug.xcconfig"; sourceTree = "<group>"; };
		90151FA9D60EAEB782E36936 /* Pods_Realtime_Example.framework */ = {isa = PBXFileReference; explicitFileType = wrapper.framework; includeInIndex = 0; path = Pods_Realtime_Example.framework; sourceTree = BUILT_PRODUCTS_DIR; };
		98ECA0B61DDF7E69E3E0C34E /* Pods-Realtime_FDB.debug.xcconfig */ = {isa = PBXFileReference; includeInIndex = 1; lastKnownFileType = text.xcconfig; name = "Pods-Realtime_FDB.debug.xcconfig"; path = "Target Support Files/Pods-Realtime_FDB/Pods-Realtime_FDB.debug.xcconfig"; sourceTree = "<group>"; };
		9912C096C6BE1DC41609DD50 /* Pods-Realtime_Example.debug.xcconfig */ = {isa = PBXFileReference; includeInIndex = 1; lastKnownFileType = text.xcconfig; name = "Pods-Realtime_Example.debug.xcconfig"; path = "Target Support Files/Pods-Realtime_Example/Pods-Realtime_Example.debug.xcconfig"; sourceTree = "<group>"; };
		A416BD6A2007DECF008A4741 /* Realtime.framework */ = {isa = PBXFileReference; explicitFileType = wrapper.framework; path = Realtime.framework; sourceTree = BUILT_PRODUCTS_DIR; };
		A416BD6D2007DED6008A4741 /* leveldb.framework */ = {isa = PBXFileReference; explicitFileType = wrapper.framework; path = leveldb.framework; sourceTree = BUILT_PRODUCTS_DIR; };
		A416BD6E2007DED6008A4741 /* nanopb.framework */ = {isa = PBXFileReference; explicitFileType = wrapper.framework; path = nanopb.framework; sourceTree = BUILT_PRODUCTS_DIR; };
		A41BC0122040098800D1A9E8 /* RealtimeViewController.swift */ = {isa = PBXFileReference; fileEncoding = 4; lastKnownFileType = sourcecode.swift; path = RealtimeViewController.swift; sourceTree = "<group>"; };
		A41FD588211EF890006DC3F7 /* other.swift */ = {isa = PBXFileReference; lastKnownFileType = sourcecode.swift; path = other.swift; sourceTree = "<group>"; };
		A432591523740FB30011B0B6 /* SwiftUIView.swift */ = {isa = PBXFileReference; lastKnownFileType = sourcecode.swift; path = SwiftUIView.swift; sourceTree = "<group>"; };
		A44331B52020E9E900BA2FDE /* Auth.swift */ = {isa = PBXFileReference; lastKnownFileType = sourcecode.swift; path = Auth.swift; sourceTree = "<group>"; };
		A44866B823A422D6006500ED /* Realtime_FDB.entitlements */ = {isa = PBXFileReference; lastKnownFileType = text.plist.entitlements; path = Realtime_FDB.entitlements; sourceTree = "<group>"; };
		A4773C3020DFEAB2002D182A /* RealtimeTableController.swift */ = {isa = PBXFileReference; lastKnownFileType = sourcecode.swift; path = RealtimeTableController.swift; sourceTree = "<group>"; };
		A491423E21D0F535006F6858 /* Entities.swift */ = {isa = PBXFileReference; lastKnownFileType = sourcecode.swift; path = Entities.swift; sourceTree = "<group>"; };
		A4AAA56E21A1F1300085C3BA /* _concepts_.swift */ = {isa = PBXFileReference; lastKnownFileType = sourcecode.swift; path = _concepts_.swift; sourceTree = "<group>"; };
		A4AAA57021A1F32D0085C3BA /* DispatchBenchmark.h */ = {isa = PBXFileReference; lastKnownFileType = sourcecode.c.h; path = DispatchBenchmark.h; sourceTree = "<group>"; };
		A4AAA57121A1F36B0085C3BA /* Realtime_Tests-Bridging-Header.h */ = {isa = PBXFileReference; lastKnownFileType = sourcecode.c.h; path = "Realtime_Tests-Bridging-Header.h"; sourceTree = "<group>"; };
		A4AAA57221A1F36C0085C3BA /* DispatchBenchmark.m */ = {isa = PBXFileReference; lastKnownFileType = sourcecode.c.objc; path = DispatchBenchmark.m; sourceTree = "<group>"; };
		A4D56D1C2143FD8200641DF3 /* FormViewController.swift */ = {isa = PBXFileReference; lastKnownFileType = sourcecode.swift; path = FormViewController.swift; sourceTree = "<group>"; };
		A4D60701234296EB003D0BAD /* Package.swift */ = {isa = PBXFileReference; fileEncoding = 4; lastKnownFileType = sourcecode.swift; name = Package.swift; path = ../Package.swift; sourceTree = "<group>"; };
		A4E054512008D3B100E95A49 /* GoogleService-Info.plist */ = {isa = PBXFileReference; fileEncoding = 4; lastKnownFileType = text.plist.xml; path = "GoogleService-Info.plist"; sourceTree = "<group>"; };
		A4F0FF772144901800395579 /* TableViewController.swift */ = {isa = PBXFileReference; lastKnownFileType = sourcecode.swift; path = TableViewController.swift; sourceTree = "<group>"; };
		A4FF2176234799160093C109 /* Realtime_FoundationDB.framework */ = {isa = PBXFileReference; lastKnownFileType = wrapper.framework; path = Realtime_FoundationDB.framework; sourceTree = BUILT_PRODUCTS_DIR; };
		A4FF237F2347A3EB0093C109 /* Realtime_FoundationDBModels.framework */ = {isa = PBXFileReference; lastKnownFileType = wrapper.framework; path = Realtime_FoundationDBModels.framework; sourceTree = BUILT_PRODUCTS_DIR; };
		A4FF24412347BDEC0093C109 /* Realtime.podspec */ = {isa = PBXFileReference; fileEncoding = 4; lastKnownFileType = text; name = Realtime.podspec; path = ../Realtime.podspec; sourceTree = "<group>"; xcLanguageSpecificationIdentifier = xcode.lang.ruby; };
		A4FF24472347C4C70093C109 /* Realtime_FDB.app */ = {isa = PBXFileReference; explicitFileType = wrapper.application; includeInIndex = 0; path = Realtime_FDB.app; sourceTree = BUILT_PRODUCTS_DIR; };
		A4FF24492347C4C70093C109 /* AppDelegate.swift */ = {isa = PBXFileReference; lastKnownFileType = sourcecode.swift; path = AppDelegate.swift; sourceTree = "<group>"; };
		A4FF24502347C4CA0093C109 /* Assets.xcassets */ = {isa = PBXFileReference; lastKnownFileType = folder.assetcatalog; path = Assets.xcassets; sourceTree = "<group>"; };
		A4FF24552347C4CA0093C109 /* Info.plist */ = {isa = PBXFileReference; lastKnownFileType = text.plist.xml; path = Info.plist; sourceTree = "<group>"; };
		A4FF24592347C5070093C109 /* Realtime_FoundationDBModels.framework */ = {isa = PBXFileReference; explicitFileType = wrapper.framework; path = Realtime_FoundationDBModels.framework; sourceTree = BUILT_PRODUCTS_DIR; };
		A4FF24B02347CFB10093C109 /* ClientServerAPI.framework */ = {isa = PBXFileReference; lastKnownFileType = wrapper.framework; path = ClientServerAPI.framework; sourceTree = BUILT_PRODUCTS_DIR; };
		B40F9023F860D87C58BF1567 /* Pods-Realtime_FDB.release.xcconfig */ = {isa = PBXFileReference; includeInIndex = 1; lastKnownFileType = text.xcconfig; name = "Pods-Realtime_FDB.release.xcconfig"; path = "Target Support Files/Pods-Realtime_FDB/Pods-Realtime_FDB.release.xcconfig"; sourceTree = "<group>"; };
		CD7BE76ED0F5EF1D20C10A7B /* Pods_Realtime_Tests.framework */ = {isa = PBXFileReference; explicitFileType = wrapper.framework; includeInIndex = 0; path = Pods_Realtime_Tests.framework; sourceTree = BUILT_PRODUCTS_DIR; };
		E9565E22DC83B986F4C44F34 /* README.md */ = {isa = PBXFileReference; includeInIndex = 1; lastKnownFileType = net.daringfireball.markdown; name = README.md; path = ../README.md; sourceTree = "<group>"; };
		F2AF559D4FA2B44763AE3477 /* Pods-Realtime_Example.release.xcconfig */ = {isa = PBXFileReference; includeInIndex = 1; lastKnownFileType = text.xcconfig; name = "Pods-Realtime_Example.release.xcconfig"; path = "Target Support Files/Pods-Realtime_Example/Pods-Realtime_Example.release.xcconfig"; sourceTree = "<group>"; };
/* End PBXFileReference section */

/* Begin PBXFrameworksBuildPhase section */
		607FACCD1AFB9204008FA782 /* Frameworks */ = {
			isa = PBXFrameworksBuildPhase;
			buildActionMask = 2147483647;
			files = (
				49379DFF9D5456ACFFA09DD9 /* Pods_Realtime_Example.framework in Frameworks */,
			);
			runOnlyForDeploymentPostprocessing = 0;
		};
		607FACE21AFB9204008FA782 /* Frameworks */ = {
			isa = PBXFrameworksBuildPhase;
			buildActionMask = 2147483647;
			files = (
				0EE8DBB3CDB42EF0AF6E4B47 /* Pods_Realtime_Tests.framework in Frameworks */,
			);
			runOnlyForDeploymentPostprocessing = 0;
		};
		A4FF24442347C4C70093C109 /* Frameworks */ = {
			isa = PBXFrameworksBuildPhase;
			buildActionMask = 2147483647;
			files = (
				2A0FF41A0105BC7511B70B42 /* Pods_Realtime_FDB.framework in Frameworks */,
			);
			runOnlyForDeploymentPostprocessing = 0;
		};
/* End PBXFrameworksBuildPhase section */

/* Begin PBXGroup section */
		607FACC71AFB9204008FA782 = {
			isa = PBXGroup;
			children = (
				A4D60701234296EB003D0BAD /* Package.swift */,
				607FACF51AFB993E008FA782 /* Podspec Metadata */,
				607FACD21AFB9204008FA782 /* Example for Realtime */,
				607FACE81AFB9204008FA782 /* Tests */,
				A4FF24482347C4C70093C109 /* Realtime_FDB */,
				607FACD11AFB9204008FA782 /* Products */,
				E8A20B02740E7BBC1159046C /* Frameworks */,
				E3FDCFE420F8860634191BD8 /* Pods */,
			);
			sourceTree = "<group>";
		};
		607FACD11AFB9204008FA782 /* Products */ = {
			isa = PBXGroup;
			children = (
				607FACD01AFB9204008FA782 /* Realtime_Example.app */,
				607FACE51AFB9204008FA782 /* Realtime_Tests.xctest */,
				A4FF24472347C4C70093C109 /* Realtime_FDB.app */,
			);
			name = Products;
			sourceTree = "<group>";
		};
		607FACD21AFB9204008FA782 /* Example for Realtime */ = {
			isa = PBXGroup;
			children = (
				607FACD31AFB9204008FA782 /* Supporting Files */,
				607FACDC1AFB9204008FA782 /* Images.xcassets */,
				607FACD91AFB9204008FA782 /* Main.storyboard */,
				607FACDE1AFB9204008FA782 /* LaunchScreen.xib */,
				607FACD51AFB9204008FA782 /* AppDelegate.swift */,
				607FACD71AFB9204008FA782 /* ViewController.swift */,
				A41BC0122040098800D1A9E8 /* RealtimeViewController.swift */,
				A4773C3020DFEAB2002D182A /* RealtimeTableController.swift */,
				A44331B52020E9E900BA2FDE /* Auth.swift */,
				A4D56D1C2143FD8200641DF3 /* FormViewController.swift */,
				A4F0FF772144901800395579 /* TableViewController.swift */,
				A491423E21D0F535006F6858 /* Entities.swift */,
				A432591523740FB30011B0B6 /* SwiftUIView.swift */,
			);
			name = "Example for Realtime";
			path = Realtime;
			sourceTree = "<group>";
		};
		607FACD31AFB9204008FA782 /* Supporting Files */ = {
			isa = PBXGroup;
			children = (
				A4E054512008D3B100E95A49 /* GoogleService-Info.plist */,
				607FACD41AFB9204008FA782 /* Info.plist */,
			);
			name = "Supporting Files";
			sourceTree = "<group>";
		};
		607FACE81AFB9204008FA782 /* Tests */ = {
			isa = PBXGroup;
			children = (
				607FACE91AFB9204008FA782 /* Supporting Files */,
				A4AAA56E21A1F1300085C3BA /* _concepts_.swift */,
				A41FD588211EF890006DC3F7 /* other.swift */,
				A4AAA57021A1F32D0085C3BA /* DispatchBenchmark.h */,
				A4AAA57221A1F36C0085C3BA /* DispatchBenchmark.m */,
			);
			path = Tests;
			sourceTree = "<group>";
		};
		607FACE91AFB9204008FA782 /* Supporting Files */ = {
			isa = PBXGroup;
			children = (
				A4AAA57121A1F36B0085C3BA /* Realtime_Tests-Bridging-Header.h */,
				607FACEA1AFB9204008FA782 /* Info.plist */,
			);
			name = "Supporting Files";
			sourceTree = "<group>";
		};
		607FACF51AFB993E008FA782 /* Podspec Metadata */ = {
			isa = PBXGroup;
			children = (
				A4FF24412347BDEC0093C109 /* Realtime.podspec */,
				E9565E22DC83B986F4C44F34 /* README.md */,
				2FCB86EBEDAC41DF105CA6DC /* LICENSE */,
			);
			name = "Podspec Metadata";
			sourceTree = "<group>";
		};
		A4FF24482347C4C70093C109 /* Realtime_FDB */ = {
			isa = PBXGroup;
			children = (
				A44866B823A422D6006500ED /* Realtime_FDB.entitlements */,
				A4FF24492347C4C70093C109 /* AppDelegate.swift */,
				A4FF24502347C4CA0093C109 /* Assets.xcassets */,
				A4FF24552347C4CA0093C109 /* Info.plist */,
			);
			path = Realtime_FDB;
			sourceTree = "<group>";
		};
		E3FDCFE420F8860634191BD8 /* Pods */ = {
			isa = PBXGroup;
			children = (
				9912C096C6BE1DC41609DD50 /* Pods-Realtime_Example.debug.xcconfig */,
				F2AF559D4FA2B44763AE3477 /* Pods-Realtime_Example.release.xcconfig */,
				98ECA0B61DDF7E69E3E0C34E /* Pods-Realtime_FDB.debug.xcconfig */,
				B40F9023F860D87C58BF1567 /* Pods-Realtime_FDB.release.xcconfig */,
				8F1BEBC86F0E3099E2738A55 /* Pods-Realtime_Tests.debug.xcconfig */,
				8A474C7C8BB554CF7B85579A /* Pods-Realtime_Tests.release.xcconfig */,
			);
			path = Pods;
			sourceTree = "<group>";
		};
		E8A20B02740E7BBC1159046C /* Frameworks */ = {
			isa = PBXGroup;
			children = (
				A4FF24B02347CFB10093C109 /* ClientServerAPI.framework */,
				A4FF24592347C5070093C109 /* Realtime_FoundationDBModels.framework */,
				A4FF237F2347A3EB0093C109 /* Realtime_FoundationDBModels.framework */,
				A4FF2176234799160093C109 /* Realtime_FoundationDB.framework */,
				A416BD6D2007DED6008A4741 /* leveldb.framework */,
				A416BD6E2007DED6008A4741 /* nanopb.framework */,
				A416BD6A2007DECF008A4741 /* Realtime.framework */,
				90151FA9D60EAEB782E36936 /* Pods_Realtime_Example.framework */,
				41668EF7B25F25E5665918C5 /* Pods_Realtime_FDB.framework */,
				CD7BE76ED0F5EF1D20C10A7B /* Pods_Realtime_Tests.framework */,
			);
			name = Frameworks;
			sourceTree = "<group>";
		};
/* End PBXGroup section */

/* Begin PBXNativeTarget section */
		607FACCF1AFB9204008FA782 /* Realtime_Example */ = {
			isa = PBXNativeTarget;
			buildConfigurationList = 607FACEF1AFB9204008FA782 /* Build configuration list for PBXNativeTarget "Realtime_Example" */;
			buildPhases = (
				24EDC93C114A4733D392AF05 /* [CP] Check Pods Manifest.lock */,
				A4836740234CC35C003352E0 /* GYB */,
				607FACCC1AFB9204008FA782 /* Sources */,
				607FACCD1AFB9204008FA782 /* Frameworks */,
				607FACCE1AFB9204008FA782 /* Resources */,
				8284711BB57CE2C85F60DD3F /* [CP] Embed Pods Frameworks */,
			);
			buildRules = (
			);
			dependencies = (
			);
			name = Realtime_Example;
			productName = Realtime;
			productReference = 607FACD01AFB9204008FA782 /* Realtime_Example.app */;
			productType = "com.apple.product-type.application";
		};
		607FACE41AFB9204008FA782 /* Realtime_Tests */ = {
			isa = PBXNativeTarget;
			buildConfigurationList = 607FACF21AFB9204008FA782 /* Build configuration list for PBXNativeTarget "Realtime_Tests" */;
			buildPhases = (
				39DB2AB3C603B675BB5A072A /* [CP] Check Pods Manifest.lock */,
				607FACE11AFB9204008FA782 /* Sources */,
				607FACE21AFB9204008FA782 /* Frameworks */,
				607FACE31AFB9204008FA782 /* Resources */,
			);
			buildRules = (
			);
			dependencies = (
				A495BA5E237588FD00314A9B /* PBXTargetDependency */,
			);
			name = Realtime_Tests;
			productName = Tests;
			productReference = 607FACE51AFB9204008FA782 /* Realtime_Tests.xctest */;
			productType = "com.apple.product-type.bundle.unit-test";
		};
		A4FF24462347C4C70093C109 /* Realtime_FDB */ = {
			isa = PBXNativeTarget;
			buildConfigurationList = A4FF24582347C4CA0093C109 /* Build configuration list for PBXNativeTarget "Realtime_FDB" */;
			buildPhases = (
				D1F1D695074EC4B8C982342B /* [CP] Check Pods Manifest.lock */,
				A4FF24432347C4C70093C109 /* Sources */,
				A4FF24442347C4C70093C109 /* Frameworks */,
				A4FF24452347C4C70093C109 /* Resources */,
				EB53B1E28F26888858411227 /* [CP] Embed Pods Frameworks */,
			);
			buildRules = (
			);
			dependencies = (
			);
			name = Realtime_FDB;
			productName = Realtime_FDB;
			productReference = A4FF24472347C4C70093C109 /* Realtime_FDB.app */;
			productType = "com.apple.product-type.application";
		};
/* End PBXNativeTarget section */

/* Begin PBXProject section */
		607FACC81AFB9204008FA782 /* Project object */ = {
			isa = PBXProject;
			attributes = {
				LastSwiftUpdateCheck = 1020;
				LastUpgradeCheck = 0830;
				ORGANIZATIONNAME = CocoaPods;
				TargetAttributes = {
					607FACCF1AFB9204008FA782 = {
						CreatedOnToolsVersion = 6.3.1;
						DevelopmentTeam = 39RU298KG9;
						LastSwiftMigration = 0900;
					};
					607FACE41AFB9204008FA782 = {
						CreatedOnToolsVersion = 6.3.1;
						DevelopmentTeam = 39RU298KG9;
						LastSwiftMigration = 0930;
						TestTargetID = 607FACCF1AFB9204008FA782;
					};
					A4FF24462347C4C70093C109 = {
						CreatedOnToolsVersion = 10.2.1;
						DevelopmentTeam = 39RU298KG9;
						ProvisioningStyle = Automatic;
					};
				};
			};
			buildConfigurationList = 607FACCB1AFB9204008FA782 /* Build configuration list for PBXProject "Realtime" */;
			compatibilityVersion = "Xcode 3.2";
			developmentRegion = English;
			hasScannedForEncodings = 0;
			knownRegions = (
				English,
				en,
				Base,
			);
			mainGroup = 607FACC71AFB9204008FA782;
			productRefGroup = 607FACD11AFB9204008FA782 /* Products */;
			projectDirPath = "";
			projectRoot = "";
			targets = (
				607FACCF1AFB9204008FA782 /* Realtime_Example */,
				607FACE41AFB9204008FA782 /* Realtime_Tests */,
				A4FF24462347C4C70093C109 /* Realtime_FDB */,
			);
		};
/* End PBXProject section */

/* Begin PBXResourcesBuildPhase section */
		607FACCE1AFB9204008FA782 /* Resources */ = {
			isa = PBXResourcesBuildPhase;
			buildActionMask = 2147483647;
			files = (
				607FACDB1AFB9204008FA782 /* Main.storyboard in Resources */,
				A4E054522008D3B100E95A49 /* GoogleService-Info.plist in Resources */,
				607FACE01AFB9204008FA782 /* LaunchScreen.xib in Resources */,
				607FACDD1AFB9204008FA782 /* Images.xcassets in Resources */,
			);
			runOnlyForDeploymentPostprocessing = 0;
		};
		607FACE31AFB9204008FA782 /* Resources */ = {
			isa = PBXResourcesBuildPhase;
			buildActionMask = 2147483647;
			files = (
			);
			runOnlyForDeploymentPostprocessing = 0;
		};
		A4FF24452347C4C70093C109 /* Resources */ = {
			isa = PBXResourcesBuildPhase;
			buildActionMask = 2147483647;
			files = (
				A4FF24672347C8350093C109 /* Main.storyboard in Resources */,
				A4FF24602347C5BD0093C109 /* LaunchScreen.xib in Resources */,
				A4FF24512347C4CA0093C109 /* Assets.xcassets in Resources */,
			);
			runOnlyForDeploymentPostprocessing = 0;
		};
/* End PBXResourcesBuildPhase section */

/* Begin PBXShellScriptBuildPhase section */
		24EDC93C114A4733D392AF05 /* [CP] Check Pods Manifest.lock */ = {
			isa = PBXShellScriptBuildPhase;
			buildActionMask = 2147483647;
			files = (
			);
			inputFileListPaths = (
			);
			inputPaths = (
				"${PODS_PODFILE_DIR_PATH}/Podfile.lock",
				"${PODS_ROOT}/Manifest.lock",
			);
			name = "[CP] Check Pods Manifest.lock";
			outputFileListPaths = (
			);
			outputPaths = (
				"$(DERIVED_FILE_DIR)/Pods-Realtime_Example-checkManifestLockResult.txt",
			);
			runOnlyForDeploymentPostprocessing = 0;
			shellPath = /bin/sh;
			shellScript = "diff \"${PODS_PODFILE_DIR_PATH}/Podfile.lock\" \"${PODS_ROOT}/Manifest.lock\" > /dev/null\nif [ $? != 0 ] ; then\n    # print error to STDERR\n    echo \"error: The sandbox is not in sync with the Podfile.lock. Run 'pod install' or update your CocoaPods installation.\" >&2\n    exit 1\nfi\n# This output is used by Xcode 'outputs' to avoid re-running this script phase.\necho \"SUCCESS\" > \"${SCRIPT_OUTPUT_FILE_0}\"\n";
			showEnvVarsInLog = 0;
		};
		39DB2AB3C603B675BB5A072A /* [CP] Check Pods Manifest.lock */ = {
			isa = PBXShellScriptBuildPhase;
			buildActionMask = 2147483647;
			files = (
			);
			inputFileListPaths = (
			);
			inputPaths = (
				"${PODS_PODFILE_DIR_PATH}/Podfile.lock",
				"${PODS_ROOT}/Manifest.lock",
			);
			name = "[CP] Check Pods Manifest.lock";
			outputFileListPaths = (
			);
			outputPaths = (
				"$(DERIVED_FILE_DIR)/Pods-Realtime_Tests-checkManifestLockResult.txt",
			);
			runOnlyForDeploymentPostprocessing = 0;
			shellPath = /bin/sh;
			shellScript = "diff \"${PODS_PODFILE_DIR_PATH}/Podfile.lock\" \"${PODS_ROOT}/Manifest.lock\" > /dev/null\nif [ $? != 0 ] ; then\n    # print error to STDERR\n    echo \"error: The sandbox is not in sync with the Podfile.lock. Run 'pod install' or update your CocoaPods installation.\" >&2\n    exit 1\nfi\n# This output is used by Xcode 'outputs' to avoid re-running this script phase.\necho \"SUCCESS\" > \"${SCRIPT_OUTPUT_FILE_0}\"\n";
			showEnvVarsInLog = 0;
		};
		8284711BB57CE2C85F60DD3F /* [CP] Embed Pods Frameworks */ = {
			isa = PBXShellScriptBuildPhase;
			buildActionMask = 2147483647;
			files = (
			);
			inputPaths = (
				"${PODS_ROOT}/Target Support Files/Pods-Realtime_Example/Pods-Realtime_Example-frameworks.sh",
				"${BUILT_PRODUCTS_DIR}/GTMSessionFetcher/GTMSessionFetcher.framework",
				"${BUILT_PRODUCTS_DIR}/GoogleUtilities/GoogleUtilities.framework",
				"${BUILT_PRODUCTS_DIR}/Promise.swift/Promise_swift.framework",
				"${BUILT_PRODUCTS_DIR}/leveldb-library/leveldb.framework",
				"${BUILT_PRODUCTS_DIR}/nanopb/nanopb.framework",
			);
			name = "[CP] Embed Pods Frameworks";
			outputPaths = (
				"${TARGET_BUILD_DIR}/${FRAMEWORKS_FOLDER_PATH}/GTMSessionFetcher.framework",
				"${TARGET_BUILD_DIR}/${FRAMEWORKS_FOLDER_PATH}/GoogleUtilities.framework",
				"${TARGET_BUILD_DIR}/${FRAMEWORKS_FOLDER_PATH}/Promise_swift.framework",
				"${TARGET_BUILD_DIR}/${FRAMEWORKS_FOLDER_PATH}/leveldb.framework",
				"${TARGET_BUILD_DIR}/${FRAMEWORKS_FOLDER_PATH}/nanopb.framework",
			);
			runOnlyForDeploymentPostprocessing = 0;
			shellPath = /bin/sh;
			shellScript = "\"${PODS_ROOT}/Target Support Files/Pods-Realtime_Example/Pods-Realtime_Example-frameworks.sh\"\n";
			showEnvVarsInLog = 0;
		};
		A4836740234CC35C003352E0 /* GYB */ = {
			isa = PBXShellScriptBuildPhase;
			buildActionMask = 2147483647;
			files = (
			);
			inputFileListPaths = (
			);
			inputPaths = (
			);
			name = GYB;
			outputFileListPaths = (
			);
			outputPaths = (
			);
			runOnlyForDeploymentPostprocessing = 0;
			shellPath = /bin/sh;
			shellScript = "\"${PROJECT_DIR}/../run_gyb.sh\"\n";
		};
		D1F1D695074EC4B8C982342B /* [CP] Check Pods Manifest.lock */ = {
			isa = PBXShellScriptBuildPhase;
			buildActionMask = 2147483647;
			files = (
			);
			inputFileListPaths = (
			);
			inputPaths = (
				"${PODS_PODFILE_DIR_PATH}/Podfile.lock",
				"${PODS_ROOT}/Manifest.lock",
			);
			name = "[CP] Check Pods Manifest.lock";
			outputFileListPaths = (
			);
			outputPaths = (
				"$(DERIVED_FILE_DIR)/Pods-Realtime_FDB-checkManifestLockResult.txt",
			);
			runOnlyForDeploymentPostprocessing = 0;
			shellPath = /bin/sh;
			shellScript = "diff \"${PODS_PODFILE_DIR_PATH}/Podfile.lock\" \"${PODS_ROOT}/Manifest.lock\" > /dev/null\nif [ $? != 0 ] ; then\n    # print error to STDERR\n    echo \"error: The sandbox is not in sync with the Podfile.lock. Run 'pod install' or update your CocoaPods installation.\" >&2\n    exit 1\nfi\n# This output is used by Xcode 'outputs' to avoid re-running this script phase.\necho \"SUCCESS\" > \"${SCRIPT_OUTPUT_FILE_0}\"\n";
			showEnvVarsInLog = 0;
		};
		EB53B1E28F26888858411227 /* [CP] Embed Pods Frameworks */ = {
			isa = PBXShellScriptBuildPhase;
			buildActionMask = 2147483647;
			files = (
			);
			inputPaths = (
				"${PODS_ROOT}/Target Support Files/Pods-Realtime_FDB/Pods-Realtime_FDB-frameworks.sh",
				"${BUILT_PRODUCTS_DIR}/Promise.swift/Promise_swift.framework",
				"${BUILT_PRODUCTS_DIR}/FoundationDBModels/FoundationDBModels.framework",
				"${BUILT_PRODUCTS_DIR}/Starscream/Starscream.framework",
				"${BUILT_PRODUCTS_DIR}/ULID.swift/ULID.framework",
			);
			name = "[CP] Embed Pods Frameworks";
			outputPaths = (
				"${TARGET_BUILD_DIR}/${FRAMEWORKS_FOLDER_PATH}/Promise_swift.framework",
				"${TARGET_BUILD_DIR}/${FRAMEWORKS_FOLDER_PATH}/FoundationDBModels.framework",
				"${TARGET_BUILD_DIR}/${FRAMEWORKS_FOLDER_PATH}/Starscream.framework",
				"${TARGET_BUILD_DIR}/${FRAMEWORKS_FOLDER_PATH}/ULID.framework",
			);
			runOnlyForDeploymentPostprocessing = 0;
			shellPath = /bin/sh;
			shellScript = "\"${PODS_ROOT}/Target Support Files/Pods-Realtime_FDB/Pods-Realtime_FDB-frameworks.sh\"\n";
			showEnvVarsInLog = 0;
		};
/* End PBXShellScriptBuildPhase section */

/* Begin PBXSourcesBuildPhase section */
		607FACCC1AFB9204008FA782 /* Sources */ = {
			isa = PBXSourcesBuildPhase;
			buildActionMask = 2147483647;
			files = (
				A4D56D1D2143FD8200641DF3 /* FormViewController.swift in Sources */,
				A4F0FF782144901800395579 /* TableViewController.swift in Sources */,
				A432591623740FB30011B0B6 /* SwiftUIView.swift in Sources */,
				607FACD81AFB9204008FA782 /* ViewController.swift in Sources */,
				A41BC0132040098800D1A9E8 /* RealtimeViewController.swift in Sources */,
				607FACD61AFB9204008FA782 /* AppDelegate.swift in Sources */,
				A44331B62020E9E900BA2FDE /* Auth.swift in Sources */,
				A491423F21D0F535006F6858 /* Entities.swift in Sources */,
				A4773C3120DFEAB2002D182A /* RealtimeTableController.swift in Sources */,
			);
			runOnlyForDeploymentPostprocessing = 0;
		};
		607FACE11AFB9204008FA782 /* Sources */ = {
			isa = PBXSourcesBuildPhase;
			buildActionMask = 2147483647;
			files = (
				A4AAA56F21A1F1300085C3BA /* _concepts_.swift in Sources */,
				A4AAA57321A1F36C0085C3BA /* DispatchBenchmark.m in Sources */,
				A491424021D0F535006F6858 /* Entities.swift in Sources */,
				A41FD589211EF890006DC3F7 /* other.swift in Sources */,
			);
			runOnlyForDeploymentPostprocessing = 0;
		};
		A4FF24432347C4C70093C109 /* Sources */ = {
			isa = PBXSourcesBuildPhase;
			buildActionMask = 2147483647;
			files = (
				A4FF24682347C8810093C109 /* AppDelegate.swift in Sources */,
				A4FF245D2347C5AB0093C109 /* RealtimeViewController.swift in Sources */,
				A4FF245E2347C5AB0093C109 /* RealtimeTableController.swift in Sources */,
				A4FF24612347C5D30093C109 /* FormViewController.swift in Sources */,
				A4FF24622347C5D80093C109 /* TableViewController.swift in Sources */,
				A4FF24662347C8300093C109 /* ViewController.swift in Sources */,
				A4FF24632347C5DC0093C109 /* Entities.swift in Sources */,
			);
			runOnlyForDeploymentPostprocessing = 0;
		};
/* End PBXSourcesBuildPhase section */

/* Begin PBXTargetDependency section */
		A495BA5E237588FD00314A9B /* PBXTargetDependency */ = {
			isa = PBXTargetDependency;
			target = 607FACCF1AFB9204008FA782 /* Realtime_Example */;
			targetProxy = A495BA5D237588FD00314A9B /* PBXContainerItemProxy */;
		};
/* End PBXTargetDependency section */

/* Begin PBXVariantGroup section */
		607FACD91AFB9204008FA782 /* Main.storyboard */ = {
			isa = PBXVariantGroup;
			children = (
				607FACDA1AFB9204008FA782 /* Base */,
			);
			name = Main.storyboard;
			sourceTree = "<group>";
		};
		607FACDE1AFB9204008FA782 /* LaunchScreen.xib */ = {
			isa = PBXVariantGroup;
			children = (
				607FACDF1AFB9204008FA782 /* Base */,
			);
			name = LaunchScreen.xib;
			sourceTree = "<group>";
		};
/* End PBXVariantGroup section */

/* Begin XCBuildConfiguration section */
		607FACED1AFB9204008FA782 /* Debug */ = {
			isa = XCBuildConfiguration;
			buildSettings = {
				ALWAYS_SEARCH_USER_PATHS = NO;
				CLANG_CXX_LANGUAGE_STANDARD = "gnu++0x";
				CLANG_CXX_LIBRARY = "libc++";
				CLANG_ENABLE_MODULES = YES;
				CLANG_ENABLE_OBJC_ARC = YES;
				CLANG_WARN_BLOCK_CAPTURE_AUTORELEASING = YES;
				CLANG_WARN_BOOL_CONVERSION = YES;
				CLANG_WARN_COMMA = YES;
				CLANG_WARN_CONSTANT_CONVERSION = YES;
				CLANG_WARN_DIRECT_OBJC_ISA_USAGE = YES_ERROR;
				CLANG_WARN_EMPTY_BODY = YES;
				CLANG_WARN_ENUM_CONVERSION = YES;
				CLANG_WARN_INFINITE_RECURSION = YES;
				CLANG_WARN_INT_CONVERSION = YES;
				CLANG_WARN_NON_LITERAL_NULL_CONVERSION = YES;
				CLANG_WARN_OBJC_LITERAL_CONVERSION = YES;
				CLANG_WARN_OBJC_ROOT_CLASS = YES_ERROR;
				CLANG_WARN_RANGE_LOOP_ANALYSIS = YES;
				CLANG_WARN_STRICT_PROTOTYPES = YES;
				CLANG_WARN_SUSPICIOUS_MOVE = YES;
				CLANG_WARN_UNREACHABLE_CODE = YES;
				CLANG_WARN__DUPLICATE_METHOD_MATCH = YES;
				"CODE_SIGN_IDENTITY[sdk=iphoneos*]" = "iPhone Developer";
				COPY_PHASE_STRIP = NO;
				DEBUG_INFORMATION_FORMAT = "dwarf-with-dsym";
				ENABLE_STRICT_OBJC_MSGSEND = YES;
				ENABLE_TESTABILITY = YES;
				GCC_C_LANGUAGE_STANDARD = gnu99;
				GCC_DYNAMIC_NO_PIC = NO;
				GCC_NO_COMMON_BLOCKS = YES;
				GCC_OPTIMIZATION_LEVEL = 0;
				GCC_PREPROCESSOR_DEFINITIONS = (
					"DEBUG=1",
					"$(inherited)",
				);
				GCC_SYMBOLS_PRIVATE_EXTERN = NO;
				GCC_WARN_64_TO_32_BIT_CONVERSION = YES;
				GCC_WARN_ABOUT_RETURN_TYPE = YES_ERROR;
				GCC_WARN_UNDECLARED_SELECTOR = YES;
				GCC_WARN_UNINITIALIZED_AUTOS = YES_AGGRESSIVE;
				GCC_WARN_UNUSED_FUNCTION = YES;
				GCC_WARN_UNUSED_VARIABLE = YES;
				IPHONEOS_DEPLOYMENT_TARGET = 9.3;
				MTL_ENABLE_DEBUG_INFO = YES;
				ONLY_ACTIVE_ARCH = YES;
				SDKROOT = iphoneos;
				SWIFT_OPTIMIZATION_LEVEL = "-Onone";
				SWIFT_VERSION = 4.2;
			};
			name = Debug;
		};
		607FACEE1AFB9204008FA782 /* Release */ = {
			isa = XCBuildConfiguration;
			buildSettings = {
				ALWAYS_SEARCH_USER_PATHS = NO;
				CLANG_CXX_LANGUAGE_STANDARD = "gnu++0x";
				CLANG_CXX_LIBRARY = "libc++";
				CLANG_ENABLE_MODULES = YES;
				CLANG_ENABLE_OBJC_ARC = YES;
				CLANG_WARN_BLOCK_CAPTURE_AUTORELEASING = YES;
				CLANG_WARN_BOOL_CONVERSION = YES;
				CLANG_WARN_COMMA = YES;
				CLANG_WARN_CONSTANT_CONVERSION = YES;
				CLANG_WARN_DIRECT_OBJC_ISA_USAGE = YES_ERROR;
				CLANG_WARN_EMPTY_BODY = YES;
				CLANG_WARN_ENUM_CONVERSION = YES;
				CLANG_WARN_INFINITE_RECURSION = YES;
				CLANG_WARN_INT_CONVERSION = YES;
				CLANG_WARN_NON_LITERAL_NULL_CONVERSION = YES;
				CLANG_WARN_OBJC_LITERAL_CONVERSION = YES;
				CLANG_WARN_OBJC_ROOT_CLASS = YES_ERROR;
				CLANG_WARN_RANGE_LOOP_ANALYSIS = YES;
				CLANG_WARN_STRICT_PROTOTYPES = YES;
				CLANG_WARN_SUSPICIOUS_MOVE = YES;
				CLANG_WARN_UNREACHABLE_CODE = YES;
				CLANG_WARN__DUPLICATE_METHOD_MATCH = YES;
				"CODE_SIGN_IDENTITY[sdk=iphoneos*]" = "iPhone Developer";
				COPY_PHASE_STRIP = NO;
				DEBUG_INFORMATION_FORMAT = "dwarf-with-dsym";
				ENABLE_NS_ASSERTIONS = NO;
				ENABLE_STRICT_OBJC_MSGSEND = YES;
				GCC_C_LANGUAGE_STANDARD = gnu99;
				GCC_NO_COMMON_BLOCKS = YES;
				GCC_WARN_64_TO_32_BIT_CONVERSION = YES;
				GCC_WARN_ABOUT_RETURN_TYPE = YES_ERROR;
				GCC_WARN_UNDECLARED_SELECTOR = YES;
				GCC_WARN_UNINITIALIZED_AUTOS = YES_AGGRESSIVE;
				GCC_WARN_UNUSED_FUNCTION = YES;
				GCC_WARN_UNUSED_VARIABLE = YES;
				IPHONEOS_DEPLOYMENT_TARGET = 9.3;
				MTL_ENABLE_DEBUG_INFO = NO;
				SDKROOT = iphoneos;
				SWIFT_COMPILATION_MODE = wholemodule;
				SWIFT_OPTIMIZATION_LEVEL = "-Onone";
				SWIFT_VERSION = 4.2;
				VALIDATE_PRODUCT = YES;
			};
			name = Release;
		};
		607FACF01AFB9204008FA782 /* Debug */ = {
			isa = XCBuildConfiguration;
			baseConfigurationReference = 9912C096C6BE1DC41609DD50 /* Pods-Realtime_Example.debug.xcconfig */;
			buildSettings = {
				ASSETCATALOG_COMPILER_APPICON_NAME = AppIcon;
				DEVELOPMENT_TEAM = 39RU298KG9;
				GCC_PREPROCESSOR_DEFINITIONS = (
					"$(inherited)",
					"COCOAPODS=1",
					"$(inherited)",
					"PB_FIELD_32BIT=1",
					"PB_NO_PACKED_STRUCTS=1",
					"PB_ENABLE_MALLOC=1",
				);
				INFOPLIST_FILE = Realtime/Info.plist;
				IPHONEOS_DEPLOYMENT_TARGET = 9.3;
				LD_RUNPATH_SEARCH_PATHS = "$(inherited) @executable_path/Frameworks";
				MODULE_NAME = ExampleApp;
				ONLY_ACTIVE_ARCH = YES;
				OTHER_LDFLAGS = (
					"$(inherited)",
					"-ObjC",
					"-l\"c++\"",
					"-l\"icucore\"",
					"-l\"sqlite3\"",
					"-l\"z\"",
					"-framework",
					"\"CFNetwork\"",
					"-framework",
					"\"FirebaseAnalytics\"",
					"-framework",
					"\"FirebaseCore\"",
					"-framework",
					"\"FirebaseCoreDiagnostics\"",
					"-framework",
					"\"FirebaseDatabase\"",
					"-framework",
					"\"FirebaseInstanceID\"",
					"-framework",
					"\"Realtime\"",
					"-framework",
					"\"Security\"",
					"-framework",
					"\"StoreKit\"",
					"-framework",
					"\"SystemConfiguration\"",
					"-framework",
					"\"leveldb\"",
					"-framework",
					"\"nanopb\"",
				);
				PRODUCT_BUNDLE_IDENTIFIER = "k-o-d-e-n.Realtime-Example";
				PRODUCT_NAME = "$(TARGET_NAME)";
				SWIFT_ACTIVE_COMPILATION_CONDITIONS = "DEBUG FIREBASE";
				SWIFT_ENFORCE_EXCLUSIVE_ACCESS = full;
				SWIFT_SWIFT3_OBJC_INFERENCE = Default;
				SWIFT_VERSION = 5.0;
			};
			name = Debug;
		};
		607FACF11AFB9204008FA782 /* Release */ = {
			isa = XCBuildConfiguration;
			baseConfigurationReference = F2AF559D4FA2B44763AE3477 /* Pods-Realtime_Example.release.xcconfig */;
			buildSettings = {
				ASSETCATALOG_COMPILER_APPICON_NAME = AppIcon;
				DEVELOPMENT_TEAM = 39RU298KG9;
				ENABLE_TESTABILITY = YES;
				GCC_PREPROCESSOR_DEFINITIONS = (
					"$(inherited)",
					"COCOAPODS=1",
					"$(inherited)",
					"PB_FIELD_32BIT=1",
					"PB_NO_PACKED_STRUCTS=1",
					"PB_ENABLE_MALLOC=1",
				);
				INFOPLIST_FILE = Realtime/Info.plist;
				IPHONEOS_DEPLOYMENT_TARGET = 9.3;
				LD_RUNPATH_SEARCH_PATHS = "$(inherited) @executable_path/Frameworks";
				MODULE_NAME = ExampleApp;
				OTHER_LDFLAGS = (
					"$(inherited)",
					"-ObjC",
					"-l\"c++\"",
					"-l\"icucore\"",
					"-l\"sqlite3\"",
					"-l\"z\"",
					"-framework",
					"\"CFNetwork\"",
					"-framework",
					"\"FirebaseAnalytics\"",
					"-framework",
					"\"FirebaseCore\"",
					"-framework",
					"\"FirebaseCoreDiagnostics\"",
					"-framework",
					"\"FirebaseDatabase\"",
					"-framework",
					"\"FirebaseInstanceID\"",
					"-framework",
					"\"Realtime\"",
					"-framework",
					"\"Security\"",
					"-framework",
					"\"StoreKit\"",
					"-framework",
					"\"SystemConfiguration\"",
					"-framework",
					"\"leveldb\"",
					"-framework",
					"\"nanopb\"",
				);
				PRODUCT_BUNDLE_IDENTIFIER = "k-o-d-e-n.Realtime-Example";
				PRODUCT_NAME = "$(TARGET_NAME)";
				SWIFT_ACTIVE_COMPILATION_CONDITIONS = "DEBUG FIREBASE";
				SWIFT_ENFORCE_EXCLUSIVE_ACCESS = full;
				SWIFT_SWIFT3_OBJC_INFERENCE = Default;
				SWIFT_VERSION = 5.0;
			};
			name = Release;
		};
		607FACF31AFB9204008FA782 /* Debug */ = {
			isa = XCBuildConfiguration;
			baseConfigurationReference = 8F1BEBC86F0E3099E2738A55 /* Pods-Realtime_Tests.debug.xcconfig */;
			buildSettings = {
				BUNDLE_LOADER = "$(TEST_HOST)";
				CLANG_ENABLE_MODULES = YES;
				DEVELOPMENT_TEAM = 39RU298KG9;
				FRAMEWORK_SEARCH_PATHS = (
					"$(SDKROOT)/Developer/Library/Frameworks",
					"$(inherited)",
				);
				GCC_PREPROCESSOR_DEFINITIONS = (
					"DEBUG=1",
					"$(inherited)",
				);
				INFOPLIST_FILE = Tests/Info.plist;
				LD_RUNPATH_SEARCH_PATHS = "$(inherited) @executable_path/Frameworks @loader_path/Frameworks";
				PRODUCT_BUNDLE_IDENTIFIER = "org.cocoapods.$(PRODUCT_NAME:rfc1034identifier)";
				PRODUCT_NAME = "$(TARGET_NAME)";
				SWIFT_ENFORCE_EXCLUSIVE_ACCESS = "compile-time";
				SWIFT_OBJC_BRIDGING_HEADER = "Tests/Realtime_Tests-Bridging-Header.h";
				SWIFT_OPTIMIZATION_LEVEL = "-Onone";
				SWIFT_SWIFT3_OBJC_INFERENCE = Default;
				SWIFT_VERSION = 5.0;
				TEST_HOST = "$(BUILT_PRODUCTS_DIR)/Realtime_Example.app/Realtime_Example";
			};
			name = Debug;
		};
		607FACF41AFB9204008FA782 /* Release */ = {
			isa = XCBuildConfiguration;
			baseConfigurationReference = 8A474C7C8BB554CF7B85579A /* Pods-Realtime_Tests.release.xcconfig */;
			buildSettings = {
				BUNDLE_LOADER = "$(TEST_HOST)";
				CLANG_ENABLE_MODULES = YES;
				DEVELOPMENT_TEAM = 39RU298KG9;
				FRAMEWORK_SEARCH_PATHS = (
					"$(SDKROOT)/Developer/Library/Frameworks",
					"$(inherited)",
				);
				INFOPLIST_FILE = Tests/Info.plist;
				LD_RUNPATH_SEARCH_PATHS = "$(inherited) @executable_path/Frameworks @loader_path/Frameworks";
				PRODUCT_BUNDLE_IDENTIFIER = "org.cocoapods.$(PRODUCT_NAME:rfc1034identifier)";
				PRODUCT_NAME = "$(TARGET_NAME)";
				SWIFT_ENFORCE_EXCLUSIVE_ACCESS = "compile-time";
				SWIFT_OBJC_BRIDGING_HEADER = "Tests/Realtime_Tests-Bridging-Header.h";
				SWIFT_SWIFT3_OBJC_INFERENCE = Default;
				SWIFT_VERSION = 5.0;
				TEST_HOST = "$(BUILT_PRODUCTS_DIR)/Realtime_Example.app/Realtime_Example";
			};
			name = Release;
		};
		A4FF24562347C4CA0093C109 /* Debug */ = {
			isa = XCBuildConfiguration;
			baseConfigurationReference = 98ECA0B61DDF7E69E3E0C34E /* Pods-Realtime_FDB.debug.xcconfig */;
			buildSettings = {
				ASSETCATALOG_COMPILER_APPICON_NAME = AppIcon;
				CLANG_ANALYZER_NONNULL = YES;
				CLANG_ANALYZER_NUMBER_OBJECT_CONVERSION = YES_AGGRESSIVE;
				CLANG_CXX_LANGUAGE_STANDARD = "gnu++14";
				CLANG_ENABLE_OBJC_WEAK = YES;
				CLANG_WARN_DEPRECATED_OBJC_IMPLEMENTATIONS = YES;
				CLANG_WARN_DOCUMENTATION_COMMENTS = YES;
				CLANG_WARN_OBJC_IMPLICIT_RETAIN_SELF = YES;
				CLANG_WARN_UNGUARDED_AVAILABILITY = YES_AGGRESSIVE;
				CODE_SIGN_ENTITLEMENTS = Realtime_FDB/Realtime_FDB.entitlements;
				CODE_SIGN_IDENTITY = "iPhone Developer";
				CODE_SIGN_STYLE = Automatic;
				DEBUG_INFORMATION_FORMAT = dwarf;
				DERIVE_MACCATALYST_PRODUCT_BUNDLE_IDENTIFIER = YES;
				DEVELOPMENT_TEAM = 39RU298KG9;
				FRAMEWORK_SEARCH_PATHS = (
					"$(inherited)",
					"\"${PODS_CONFIGURATION_BUILD_DIR}\"/**",
					"\"build/Debug-iphoneos\"/**",
				);
				GCC_C_LANGUAGE_STANDARD = gnu11;
				INFOPLIST_FILE = Realtime_FDB/Info.plist;
				IPHONEOS_DEPLOYMENT_TARGET = 9.3;
				LD_RUNPATH_SEARCH_PATHS = "$(inherited) @executable_path/Frameworks @loader_path/Frameworks";
				MTL_ENABLE_DEBUG_INFO = INCLUDE_SOURCE;
				MTL_FAST_MATH = YES;
				PRODUCT_BUNDLE_IDENTIFIER = "ru.koden.realtime-fdb.Realtime-FDB";
				PRODUCT_NAME = "$(TARGET_NAME)";
				SUPPORTS_MACCATALYST = YES;
				SWIFT_ACTIVE_COMPILATION_CONDITIONS = DEBUG;
				SWIFT_ENFORCE_EXCLUSIVE_ACCESS = off;
				SWIFT_VERSION = 5.0;
				TARGETED_DEVICE_FAMILY = "1,2";
			};
			name = Debug;
		};
		A4FF24572347C4CA0093C109 /* Release */ = {
			isa = XCBuildConfiguration;
			baseConfigurationReference = B40F9023F860D87C58BF1567 /* Pods-Realtime_FDB.release.xcconfig */;
			buildSettings = {
				ASSETCATALOG_COMPILER_APPICON_NAME = AppIcon;
				CLANG_ANALYZER_NONNULL = YES;
				CLANG_ANALYZER_NUMBER_OBJECT_CONVERSION = YES_AGGRESSIVE;
				CLANG_CXX_LANGUAGE_STANDARD = "gnu++14";
				CLANG_ENABLE_OBJC_WEAK = YES;
				CLANG_WARN_DEPRECATED_OBJC_IMPLEMENTATIONS = YES;
				CLANG_WARN_DOCUMENTATION_COMMENTS = YES;
				CLANG_WARN_OBJC_IMPLICIT_RETAIN_SELF = YES;
				CLANG_WARN_UNGUARDED_AVAILABILITY = YES_AGGRESSIVE;
				CODE_SIGN_ENTITLEMENTS = Realtime_FDB/Realtime_FDB.entitlements;
				CODE_SIGN_IDENTITY = "iPhone Developer";
				CODE_SIGN_STYLE = Automatic;
				DERIVE_MACCATALYST_PRODUCT_BUNDLE_IDENTIFIER = YES;
				DEVELOPMENT_TEAM = 39RU298KG9;
				ENABLE_TESTABILITY = YES;
				FRAMEWORK_SEARCH_PATHS = (
					"$(inherited)",
					"\"${PODS_CONFIGURATION_BUILD_DIR}/Starscream\"",
					"\"build/Release-iphoneos/ClientServerAPI\"",
				);
				GCC_C_LANGUAGE_STANDARD = gnu11;
				INFOPLIST_FILE = Realtime_FDB/Info.plist;
				IPHONEOS_DEPLOYMENT_TARGET = 9.3;
				LD_RUNPATH_SEARCH_PATHS = "$(inherited) @executable_path/Frameworks @loader_path/Frameworks";
				MTL_FAST_MATH = YES;
				PRODUCT_BUNDLE_IDENTIFIER = "ru.koden.realtime-fdb.Realtime-FDB";
				PRODUCT_NAME = "$(TARGET_NAME)";
				SUPPORTS_MACCATALYST = YES;
				SWIFT_ENFORCE_EXCLUSIVE_ACCESS = off;
				SWIFT_OPTIMIZATION_LEVEL = "-O";
				SWIFT_VERSION = 5.0;
				TARGETED_DEVICE_FAMILY = "1,2";
			};
			name = Release;
		};
/* End XCBuildConfiguration section */

/* Begin XCConfigurationList section */
		607FACCB1AFB9204008FA782 /* Build configuration list for PBXProject "Realtime" */ = {
			isa = XCConfigurationList;
			buildConfigurations = (
				607FACED1AFB9204008FA782 /* Debug */,
				607FACEE1AFB9204008FA782 /* Release */,
			);
			defaultConfigurationIsVisible = 0;
			defaultConfigurationName = Release;
		};
		607FACEF1AFB9204008FA782 /* Build configuration list for PBXNativeTarget "Realtime_Example" */ = {
			isa = XCConfigurationList;
			buildConfigurations = (
				607FACF01AFB9204008FA782 /* Debug */,
				607FACF11AFB9204008FA782 /* Release */,
			);
			defaultConfigurationIsVisible = 0;
			defaultConfigurationName = Release;
		};
		607FACF21AFB9204008FA782 /* Build configuration list for PBXNativeTarget "Realtime_Tests" */ = {
			isa = XCConfigurationList;
			buildConfigurations = (
				607FACF31AFB9204008FA782 /* Debug */,
				607FACF41AFB9204008FA782 /* Release */,
			);
			defaultConfigurationIsVisible = 0;
			defaultConfigurationName = Release;
		};
		A4FF24582347C4CA0093C109 /* Build configuration list for PBXNativeTarget "Realtime_FDB" */ = {
			isa = XCConfigurationList;
			buildConfigurations = (
				A4FF24562347C4CA0093C109 /* Debug */,
				A4FF24572347C4CA0093C109 /* Release */,
			);
			defaultConfigurationIsVisible = 0;
			defaultConfigurationName = Release;
		};
/* End XCConfigurationList section */
	};
	rootObject = 607FACC81AFB9204008FA782 /* Project object */;
}
